# THIS IS AN AUTOGENERATED FILE. DO NOT EDIT THIS FILE DIRECTLY.
# yarn lockfile v1


"@polywrap/templates@0.10.6":
  version "0.10.6"
  resolved "https://registry.yarnpkg.com/@polywrap/templates/-/templates-0.10.6.tgz#b06b1d86691e27a81d0a04de963f5adcb9c70ef0"
  integrity sha512-dgdXVatUwGH/W9grze4MOQvO0fcDQTFpCdKoyRebL5mIP3bFkL0tByTerfNc2PaiFEBUAD6nvOsOYcdeAHYq3Q==
